
Microsoft Visual Studio Solution File, Format Version 12.00
# Visual Studio 2013
VisualStudioVersion = 12.0.21005.1
MinimumVisualStudioVersion = 10.0.40219.1
Project("{FAE04EC0-301F-11D3-BF4B-00C04F79EFBC}") = "INF2K_DLL_AD", "INF2K_DLL_AD\INF2K_DLL_AD.csproj", "{1FB28480-948F-4B25-9E01-50462D199559}"
EndProject
Global
	GlobalSection(SolutionConfigurationPlatforms) = preSolution
		Debug|Any CPU = Debug|Any CPU
		Release|Any CPU = Release|Any CPU
	EndGlobalSection
	GlobalSection(ProjectConfigurationPlatforms) = postSolution
		{1FB28480-948F-4B25-9E01-50462D199559}.Debug|Any CPU.ActiveCfg = Debug|Any CPU
		{1FB28480-948F-4B25-9E01-50462D199559}.Debug|Any CPU.Build.0 = Debug|Any CPU
		{1FB28480-948F-4B25-9E01-50462D199559}.Release|Any CPU.ActiveCfg = Release|Any CPU
		{1FB28480-948F-4B25-9E01-50462D199559}.Release|Any CPU.Build.0 = Release|Any CPU
	EndGlobalSection
	GlobalSection(SolutionProperties) = preSolution
		HideSolutionNode = FALSE
	EndGlobalSection
EndGlobal
